Microsoft Visual Studio Solution File, Format Version 12.00
# Visual Studio Version 17
VisualStudioVersion = 17.5.2.0
MinimumVisualStudioVersion = 10.0.40219.1
Project("{FAE04EC0-301F-11D3-BF4B-00C04F79EFBC}") = "fourgame", "fourgame.csproj", "{D1A103B8-471F-C639-1A9B-F1F8F864FD3D}"
EndProject
Global
	GlobalSection(SolutionConfigurationPlatforms) = preSolution
		Debug|Any CPU = Debug|Any CPU
		Release|Any CPU = Release|Any CPU
	EndGlobalSection
	GlobalSection(ProjectConfigurationPlatforms) = postSolution
		{D1A103B8-471F-C639-1A9B-F1F8F864FD3D}.Debug|Any CPU.ActiveCfg = Debug|Any CPU
		{D1A103B8-471F-C639-1A9B-F1F8F864FD3D}.Debug|Any CPU.Build.0 = Debug|Any CPU
		{D1A103B8-471F-C639-1A9B-F1F8F864FD3D}.Release|Any CPU.ActiveCfg = Release|Any CPU
		{D1A103B8-471F-C639-1A9B-F1F8F864FD3D}.Release|Any CPU.Build.0 = Release|Any CPU
	EndGlobalSection
	GlobalSection(SolutionProperties) = preSolution
		HideSolutionNode = FALSE
	EndGlobalSection
	GlobalSection(ExtensibilityGlobals) = postSolution
		SolutionGuid = {142AB175-48F0-48E0-9999-93BF865F579D}
	EndGlobalSection
EndGlobal
