Microsoft Visual Studio Solution File, Format Version 12.00
# Visual Studio Version 17
VisualStudioVersion = 17.5.2.0
MinimumVisualStudioVersion = 10.0.40219.1
Project("{FAE04EC0-301F-11D3-BF4B-00C04F79EFBC}") = "demoHaz", "demoHaz.csproj", "{00285211-1775-37F5-7A56-A856CD5A5C52}"
EndProject
Global
	GlobalSection(SolutionConfigurationPlatforms) = preSolution
		Debug|Any CPU = Debug|Any CPU
		Release|Any CPU = Release|Any CPU
	EndGlobalSection
	GlobalSection(ProjectConfigurationPlatforms) = postSolution
		{00285211-1775-37F5-7A56-A856CD5A5C52}.Debug|Any CPU.ActiveCfg = Debug|Any CPU
		{00285211-1775-37F5-7A56-A856CD5A5C52}.Debug|Any CPU.Build.0 = Debug|Any CPU
		{00285211-1775-37F5-7A56-A856CD5A5C52}.Release|Any CPU.ActiveCfg = Release|Any CPU
		{00285211-1775-37F5-7A56-A856CD5A5C52}.Release|Any CPU.Build.0 = Release|Any CPU
	EndGlobalSection
	GlobalSection(SolutionProperties) = preSolution
		HideSolutionNode = FALSE
	EndGlobalSection
	GlobalSection(ExtensibilityGlobals) = postSolution
		SolutionGuid = {58899DC9-3481-4EC7-9871-EFE2A01052E2}
	EndGlobalSection
EndGlobal
